
Microsoft Visual Studio Solution File, Format Version 12.00
# Visual Studio Version 16
VisualStudioVersion = 16.0.30413.136
MinimumVisualStudioVersion = 10.0.40219.1
Project("{2150E333-8FDC-42A3-9474-1A3956D46DE8}") = "src", "src", "{E017FEA2-335A-427A-9565-9186B1571332}"
EndProject
Project("{2150E333-8FDC-42A3-9474-1A3956D46DE8}") = "Building Blocks", "Building Blocks", "{A7EF8613-C921-4C5C-BFA2-E87E6CFF62FE}"
EndProject
Project("{2150E333-8FDC-42A3-9474-1A3956D46DE8}") = "Services", "Services", "{187BB838-9513-4184-8B9B-09EA47AED5E5}"
EndProject
Project("{2150E333-8FDC-42A3-9474-1A3956D46DE8}") = "Web", "Web", "{CAFFDCED-4A31-4C90-83EB-9570EC460830}"
EndProject
Project("{2150E333-8FDC-42A3-9474-1A3956D46DE8}") = "Identidade", "Identidade", "{BCD3AAE8-B166-4560-B49F-5B6B19D9023E}"
EndProject
Project("{FAE04EC0-301F-11D3-BF4B-00C04F79EFBC}") = "NSE.Identidade.API", "src\services\NSE.Identidade.API\NSE.Identidade.API.csproj", "{EDB4285F-C948-49C6-8241-E37F07E03BFF}"
EndProject
Project("{2150E333-8FDC-42A3-9474-1A3956D46DE8}") = "MVC", "MVC", "{EC8055D3-7480-4549-A792-836797F31034}"
EndProject
Project("{FAE04EC0-301F-11D3-BF4B-00C04F79EFBC}") = "NSE.WebApp.MVC", "src\web\NSE.WebApp.MVC\NSE.WebApp.MVC.csproj", "{90D67EE9-63F0-44FB-8916-A6C1CE1A7F39}"
EndProject
Project("{2150E333-8FDC-42A3-9474-1A3956D46DE8}") = "Core", "Core", "{1CC5A629-1AAF-4740-B24E-D3B0CA210197}"
EndProject
Project("{FAE04EC0-301F-11D3-BF4B-00C04F79EFBC}") = "NSE.Core", "src\building blocks\NSE.Core\NSE.Core.csproj", "{580EB374-0003-4667-B548-DD834BA3E58C}"
EndProject
Project("{2150E333-8FDC-42A3-9474-1A3956D46DE8}") = "Carrinho", "Carrinho", "{7017930F-0ADD-40E9-8F2E-7265CDE76F5F}"
EndProject
Project("{FAE04EC0-301F-11D3-BF4B-00C04F79EFBC}") = "NSE.Carrinho.API", "src\services\NSE.Carrinho.API\NSE.Carrinho.API.csproj", "{B66FB6F9-8A6C-4C0B-8413-9A47F8CDD830}"
EndProject
Project("{2150E333-8FDC-42A3-9474-1A3956D46DE8}") = "Catalogo", "Catalogo", "{67EC5D04-6434-40BA-9384-5CE44373D558}"
EndProject
Project("{FAE04EC0-301F-11D3-BF4B-00C04F79EFBC}") = "NSE.Catalogo.API", "src\services\NSE.Catalogo.API\NSE.Catalogo.API.csproj", "{2872FCD3-525E-4E2B-926D-88E6D4C4A988}"
EndProject
Project("{2150E333-8FDC-42A3-9474-1A3956D46DE8}") = "Cliente", "Cliente", "{7F9C1D5A-DC2C-4B0A-8F94-B351DE893156}"
EndProject
Project("{FAE04EC0-301F-11D3-BF4B-00C04F79EFBC}") = "NSE.Cliente.API", "src\services\NSE.Cliente.API\NSE.Cliente.API.csproj", "{15D94B1C-6112-4705-B97A-B7A8B51A1661}"
EndProject
Project("{2150E333-8FDC-42A3-9474-1A3956D46DE8}") = "Pagamento", "Pagamento", "{54710F4A-558A-4230-A075-FD5CE0022438}"
EndProject
Project("{FAE04EC0-301F-11D3-BF4B-00C04F79EFBC}") = "NSE.Pagamento.API", "src\services\NSE.Pagamento.API\NSE.Pagamento.API.csproj", "{9AF76B37-10D5-47C4-AFB5-4CABD66BFDD0}"
EndProject
Project("{2150E333-8FDC-42A3-9474-1A3956D46DE8}") = "Pedido", "Pedido", "{8380A024-B101-4430-82CE-35466C04FDB2}"
EndProject
Project("{FAE04EC0-301F-11D3-BF4B-00C04F79EFBC}") = "NSE.Pedido.API", "src\services\NSE.Pedido.API\NSE.Pedido.API.csproj", "{6F9EB7B5-0444-47C0-B2C3-C98F6A4E991F}"
EndProject
Global
	GlobalSection(SolutionConfigurationPlatforms) = preSolution
		Debug|Any CPU = Debug|Any CPU
		Release|Any CPU = Release|Any CPU
	EndGlobalSection
	GlobalSection(ProjectConfigurationPlatforms) = postSolution
		{EDB4285F-C948-49C6-8241-E37F07E03BFF}.Debug|Any CPU.ActiveCfg = Debug|Any CPU
		{EDB4285F-C948-49C6-8241-E37F07E03BFF}.Debug|Any CPU.Build.0 = Debug|Any CPU
		{EDB4285F-C948-49C6-8241-E37F07E03BFF}.Release|Any CPU.ActiveCfg = Release|Any CPU
		{EDB4285F-C948-49C6-8241-E37F07E03BFF}.Release|Any CPU.Build.0 = Release|Any CPU
		{90D67EE9-63F0-44FB-8916-A6C1CE1A7F39}.Debug|Any CPU.ActiveCfg = Debug|Any CPU
		{90D67EE9-63F0-44FB-8916-A6C1CE1A7F39}.Debug|Any CPU.Build.0 = Debug|Any CPU
		{90D67EE9-63F0-44FB-8916-A6C1CE1A7F39}.Release|Any CPU.ActiveCfg = Release|Any CPU
		{90D67EE9-63F0-44FB-8916-A6C1CE1A7F39}.Release|Any CPU.Build.0 = Release|Any CPU
		{580EB374-0003-4667-B548-DD834BA3E58C}.Debug|Any CPU.ActiveCfg = Debug|Any CPU
		{580EB374-0003-4667-B548-DD834BA3E58C}.Debug|Any CPU.Build.0 = Debug|Any CPU
		{580EB374-0003-4667-B548-DD834BA3E58C}.Release|Any CPU.ActiveCfg = Release|Any CPU
		{580EB374-0003-4667-B548-DD834BA3E58C}.Release|Any CPU.Build.0 = Release|Any CPU
		{B66FB6F9-8A6C-4C0B-8413-9A47F8CDD830}.Debug|Any CPU.ActiveCfg = Debug|Any CPU
		{B66FB6F9-8A6C-4C0B-8413-9A47F8CDD830}.Debug|Any CPU.Build.0 = Debug|Any CPU
		{B66FB6F9-8A6C-4C0B-8413-9A47F8CDD830}.Release|Any CPU.ActiveCfg = Release|Any CPU
		{B66FB6F9-8A6C-4C0B-8413-9A47F8CDD830}.Release|Any CPU.Build.0 = Release|Any CPU
		{2872FCD3-525E-4E2B-926D-88E6D4C4A988}.Debug|Any CPU.ActiveCfg = Debug|Any CPU
		{2872FCD3-525E-4E2B-926D-88E6D4C4A988}.Debug|Any CPU.Build.0 = Debug|Any CPU
		{2872FCD3-525E-4E2B-926D-88E6D4C4A988}.Release|Any CPU.ActiveCfg = Release|Any CPU
		{2872FCD3-525E-4E2B-926D-88E6D4C4A988}.Release|Any CPU.Build.0 = Release|Any CPU
		{15D94B1C-6112-4705-B97A-B7A8B51A1661}.Debug|Any CPU.ActiveCfg = Debug|Any CPU
		{15D94B1C-6112-4705-B97A-B7A8B51A1661}.Debug|Any CPU.Build.0 = Debug|Any CPU
		{15D94B1C-6112-4705-B97A-B7A8B51A1661}.Release|Any CPU.ActiveCfg = Release|Any CPU
		{15D94B1C-6112-4705-B97A-B7A8B51A1661}.Release|Any CPU.Build.0 = Release|Any CPU
		{9AF76B37-10D5-47C4-AFB5-4CABD66BFDD0}.Debug|Any CPU.ActiveCfg = Debug|Any CPU
		{9AF76B37-10D5-47C4-AFB5-4CABD66BFDD0}.Debug|Any CPU.Build.0 = Debug|Any CPU
		{9AF76B37-10D5-47C4-AFB5-4CABD66BFDD0}.Release|Any CPU.ActiveCfg = Release|Any CPU
		{9AF76B37-10D5-47C4-AFB5-4CABD66BFDD0}.Release|Any CPU.Build.0 = Release|Any CPU
		{6F9EB7B5-0444-47C0-B2C3-C98F6A4E991F}.Debug|Any CPU.ActiveCfg = Debug|Any CPU
		{6F9EB7B5-0444-47C0-B2C3-C98F6A4E991F}.Debug|Any CPU.Build.0 = Debug|Any CPU
		{6F9EB7B5-0444-47C0-B2C3-C98F6A4E991F}.Release|Any CPU.ActiveCfg = Release|Any CPU
		{6F9EB7B5-0444-47C0-B2C3-C98F6A4E991F}.Release|Any CPU.Build.0 = Release|Any CPU
	EndGlobalSection
	GlobalSection(SolutionProperties) = preSolution
		HideSolutionNode = FALSE
	EndGlobalSection
	GlobalSection(NestedProjects) = preSolution
		{A7EF8613-C921-4C5C-BFA2-E87E6CFF62FE} = {E017FEA2-335A-427A-9565-9186B1571332}
		{187BB838-9513-4184-8B9B-09EA47AED5E5} = {E017FEA2-335A-427A-9565-9186B1571332}
		{CAFFDCED-4A31-4C90-83EB-9570EC460830} = {E017FEA2-335A-427A-9565-9186B1571332}
		{BCD3AAE8-B166-4560-B49F-5B6B19D9023E} = {187BB838-9513-4184-8B9B-09EA47AED5E5}
		{EDB4285F-C948-49C6-8241-E37F07E03BFF} = {BCD3AAE8-B166-4560-B49F-5B6B19D9023E}
		{EC8055D3-7480-4549-A792-836797F31034} = {CAFFDCED-4A31-4C90-83EB-9570EC460830}
		{90D67EE9-63F0-44FB-8916-A6C1CE1A7F39} = {EC8055D3-7480-4549-A792-836797F31034}
		{1CC5A629-1AAF-4740-B24E-D3B0CA210197} = {A7EF8613-C921-4C5C-BFA2-E87E6CFF62FE}
		{580EB374-0003-4667-B548-DD834BA3E58C} = {1CC5A629-1AAF-4740-B24E-D3B0CA210197}
		{7017930F-0ADD-40E9-8F2E-7265CDE76F5F} = {187BB838-9513-4184-8B9B-09EA47AED5E5}
		{B66FB6F9-8A6C-4C0B-8413-9A47F8CDD830} = {7017930F-0ADD-40E9-8F2E-7265CDE76F5F}
		{67EC5D04-6434-40BA-9384-5CE44373D558} = {187BB838-9513-4184-8B9B-09EA47AED5E5}
		{2872FCD3-525E-4E2B-926D-88E6D4C4A988} = {67EC5D04-6434-40BA-9384-5CE44373D558}
		{7F9C1D5A-DC2C-4B0A-8F94-B351DE893156} = {187BB838-9513-4184-8B9B-09EA47AED5E5}
		{15D94B1C-6112-4705-B97A-B7A8B51A1661} = {7F9C1D5A-DC2C-4B0A-8F94-B351DE893156}
		{54710F4A-558A-4230-A075-FD5CE0022438} = {187BB838-9513-4184-8B9B-09EA47AED5E5}
		{9AF76B37-10D5-47C4-AFB5-4CABD66BFDD0} = {54710F4A-558A-4230-A075-FD5CE0022438}
		{8380A024-B101-4430-82CE-35466C04FDB2} = {187BB838-9513-4184-8B9B-09EA47AED5E5}
		{6F9EB7B5-0444-47C0-B2C3-C98F6A4E991F} = {8380A024-B101-4430-82CE-35466C04FDB2}
	EndGlobalSection
	GlobalSection(ExtensibilityGlobals) = postSolution
		SolutionGuid = {ECBA5536-03F2-48DC-89D9-C16673AAF123}
	EndGlobalSection
EndGlobal
